
Microsoft Visual Studio Solution File, Format Version 12.00
# Visual Studio Version 17
VisualStudioVersion = 17.9.34723.18
MinimumVisualStudioVersion = 10.0.40219.1
Project("{FAE04EC0-301F-11D3-BF4B-00C04F79EFBC}") = "The Final Battle", "The Final Battle.csproj", "{ED8A295D-58EF-4CD7-B5C2-DC1BABFCF6E3}"
EndProject
Global
	GlobalSection(SolutionConfigurationPlatforms) = preSolution
		Debug|Any CPU = Debug|Any CPU
		Release|Any CPU = Release|Any CPU
	EndGlobalSection
	GlobalSection(ProjectConfigurationPlatforms) = postSolution
		{ED8A295D-58EF-4CD7-B5C2-DC1BABFCF6E3}.Debug|Any CPU.ActiveCfg = Debug|Any CPU
		{ED8A295D-58EF-4CD7-B5C2-DC1BABFCF6E3}.Debug|Any CPU.Build.0 = Debug|Any CPU
		{ED8A295D-58EF-4CD7-B5C2-DC1BABFCF6E3}.Release|Any CPU.ActiveCfg = Release|Any CPU
		{ED8A295D-58EF-4CD7-B5C2-DC1BABFCF6E3}.Release|Any CPU.Build.0 = Release|Any CPU
	EndGlobalSection
	GlobalSection(SolutionProperties) = preSolution
		HideSolutionNode = FALSE
	EndGlobalSection
	GlobalSection(ExtensibilityGlobals) = postSolution
		SolutionGuid = {97B47B68-B924-4523-824C-10BB3C30BECD}
	EndGlobalSection
EndGlobal
